// !$*UTF8*$!
{
	archiveVersion = 1;
	classes = {
	};
	objectVersion = 46;
	objects = {

/* Begin PBXBuildFile section */
		02C568821D728BDD002C9740 /* NotificationCenter.framework in Frameworks */ = {isa = PBXBuildFile; fileRef = 02EAACC51D71D4CF007C90E8 /* NotificationCenter.framework */; };
		02C568851D728BDD002C9740 /* TodayViewController.swift in Sources */ = {isa = PBXBuildFile; fileRef = 02C568841D728BDD002C9740 /* TodayViewController.swift */; };
		02C568881D728BDD002C9740 /* MainInterface.storyboard in Resources */ = {isa = PBXBuildFile; fileRef = 02C568861D728BDD002C9740 /* MainInterface.storyboard */; };
		02C5688C1D728BDD002C9740 /* CurrentPSI.appex in Embed App Extensions */ = {isa = PBXBuildFile; fileRef = 02C568811D728BDD002C9740 /* CurrentPSI.appex */; settings = {ATTRIBUTES = (RemoveHeadersOnCopy, ); }; };
		02EAAC8F1D71D4B3007C90E8 /* AppDelegate.swift in Sources */ = {isa = PBXBuildFile; fileRef = 02EAAC8E1D71D4B3007C90E8 /* AppDelegate.swift */; };
		02EAAC911D71D4B3007C90E8 /* ViewController.swift in Sources */ = {isa = PBXBuildFile; fileRef = 02EAAC901D71D4B3007C90E8 /* ViewController.swift */; };
		02EAAC941D71D4B3007C90E8 /* Main.storyboard in Resources */ = {isa = PBXBuildFile; fileRef = 02EAAC921D71D4B3007C90E8 /* Main.storyboard */; };
		02EAAC971D71D4B3007C90E8 /* HazeApp.xcdatamodeld in Sources */ = {isa = PBXBuildFile; fileRef = 02EAAC951D71D4B3007C90E8 /* HazeApp.xcdatamodeld */; };
		02EAAC991D71D4B3007C90E8 /* Assets.xcassets in Resources */ = {isa = PBXBuildFile; fileRef = 02EAAC981D71D4B3007C90E8 /* Assets.xcassets */; };
		02EAAC9C1D71D4B3007C90E8 /* LaunchScreen.storyboard in Resources */ = {isa = PBXBuildFile; fileRef = 02EAAC9A1D71D4B3007C90E8 /* LaunchScreen.storyboard */; };
		02EAACA71D71D4B3007C90E8 /* HazeAppTests.swift in Sources */ = {isa = PBXBuildFile; fileRef = 02EAACA61D71D4B3007C90E8 /* HazeAppTests.swift */; };
		02EAACB21D71D4B3007C90E8 /* HazeAppUITests.swift in Sources */ = {isa = PBXBuildFile; fileRef = 02EAACB11D71D4B3007C90E8 /* HazeAppUITests.swift */; };
/* End PBXBuildFile section */

/* Begin PBXContainerItemProxy section */
		02C5688A1D728BDD002C9740 /* PBXContainerItemProxy */ = {
			isa = PBXContainerItemProxy;
			containerPortal = 02EAAC831D71D4B3007C90E8 /* Project object */;
			proxyType = 1;
			remoteGlobalIDString = 02C568801D728BDD002C9740;
			remoteInfo = CurrentPSI;
		};
		02EAACA31D71D4B3007C90E8 /* PBXContainerItemProxy */ = {
			isa = PBXContainerItemProxy;
			containerPortal = 02EAAC831D71D4B3007C90E8 /* Project object */;
			proxyType = 1;
			remoteGlobalIDString = 02EAAC8A1D71D4B3007C90E8;
			remoteInfo = HazeApp;
		};
		02EAACAE1D71D4B3007C90E8 /* PBXContainerItemProxy */ = {
			isa = PBXContainerItemProxy;
			containerPortal = 02EAAC831D71D4B3007C90E8 /* Project object */;
			proxyType = 1;
			remoteGlobalIDString = 02EAAC8A1D71D4B3007C90E8;
			remoteInfo = HazeApp;
		};
/* End PBXContainerItemProxy section */

/* Begin PBXCopyFilesBuildPhase section */
		02EAACD41D71D4CF007C90E8 /* Embed App Extensions */ = {
			isa = PBXCopyFilesBuildPhase;
			buildActionMask = 2147483647;
			dstPath = "";
			dstSubfolderSpec = 13;
			files = (
				02C5688C1D728BDD002C9740 /* CurrentPSI.appex in Embed App Extensions */,
			);
			name = "Embed App Extensions";
			runOnlyForDeploymentPostprocessing = 0;
		};
/* End PBXCopyFilesBuildPhase section */

/* Begin PBXFileReference section */
		0236C50E1D7284AE00B20140 /* TodayViewController.swift */ = {isa = PBXFileReference; lastKnownFileType = sourcecode.swift; path = TodayViewController.swift; sourceTree = "<group>"; };
		0236C5111D7284AE00B20140 /* Base */ = {isa = PBXFileReference; lastKnownFileType = file.storyboard; name = Base; path = Base.lproj/MainInterface.storyboard; sourceTree = "<group>"; };
		0236C5131D7284AE00B20140 /* Info.plist */ = {isa = PBXFileReference; lastKnownFileType = text.plist.xml; path = Info.plist; sourceTree = "<group>"; };
		02C568811D728BDD002C9740 /* CurrentPSI.appex */ = {isa = PBXFileReference; explicitFileType = "wrapper.app-extension"; includeInIndex = 0; path = CurrentPSI.appex; sourceTree = BUILT_PRODUCTS_DIR; };
		02C568841D728BDD002C9740 /* TodayViewController.swift */ = {isa = PBXFileReference; lastKnownFileType = sourcecode.swift; path = TodayViewController.swift; sourceTree = "<group>"; };
		02C568871D728BDD002C9740 /* Base */ = {isa = PBXFileReference; lastKnownFileType = file.storyboard; name = Base; path = Base.lproj/MainInterface.storyboard; sourceTree = "<group>"; };
		02C568891D728BDD002C9740 /* Info.plist */ = {isa = PBXFileReference; lastKnownFileType = text.plist.xml; path = Info.plist; sourceTree = "<group>"; };
		02EAAC8B1D71D4B3007C90E8 /* HazeApp.app */ = {isa = PBXFileReference; explicitFileType = wrapper.application; includeInIndex = 0; path = HazeApp.app; sourceTree = BUILT_PRODUCTS_DIR; };
		02EAAC8E1D71D4B3007C90E8 /* AppDelegate.swift */ = {isa = PBXFileReference; lastKnownFileType = sourcecode.swift; path = AppDelegate.swift; sourceTree = "<group>"; };
		02EAAC901D71D4B3007C90E8 /* ViewController.swift */ = {isa = PBXFileReference; lastKnownFileType = sourcecode.swift; path = ViewController.swift; sourceTree = "<group>"; };
		02EAAC931D71D4B3007C90E8 /* Base */ = {isa = PBXFileReference; lastKnownFileType = file.storyboard; name = Base; path = Base.lproj/Main.storyboard; sourceTree = "<group>"; };
		02EAAC961D71D4B3007C90E8 /* HazeApp.xcdatamodel */ = {isa = PBXFileReference; lastKnownFileType = wrapper.xcdatamodel; path = HazeApp.xcdatamodel; sourceTree = "<group>"; };
		02EAAC981D71D4B3007C90E8 /* Assets.xcassets */ = {isa = PBXFileReference; lastKnownFileType = folder.assetcatalog; path = Assets.xcassets; sourceTree = "<group>"; };
		02EAAC9B1D71D4B3007C90E8 /* Base */ = {isa = PBXFileReference; lastKnownFileType = file.storyboard; name = Base; path = Base.lproj/LaunchScreen.storyboard; sourceTree = "<group>"; };
		02EAAC9D1D71D4B3007C90E8 /* Info.plist */ = {isa = PBXFileReference; lastKnownFileType = text.plist.xml; path = Info.plist; sourceTree = "<group>"; };
		02EAACA21D71D4B3007C90E8 /* HazeAppTests.xctest */ = {isa = PBXFileReference; explicitFileType = wrapper.cfbundle; includeInIndex = 0; path = HazeAppTests.xctest; sourceTree = BUILT_PRODUCTS_DIR; };
		02EAACA61D71D4B3007C90E8 /* HazeAppTests.swift */ = {isa = PBXFileReference; lastKnownFileType = sourcecode.swift; path = HazeAppTests.swift; sourceTree = "<group>"; };
		02EAACA81D71D4B3007C90E8 /* Info.plist */ = {isa = PBXFileReference; lastKnownFileType = text.plist.xml; path = Info.plist; sourceTree = "<group>"; };
		02EAACAD1D71D4B3007C90E8 /* HazeAppUITests.xctest */ = {isa = PBXFileReference; explicitFileType = wrapper.cfbundle; includeInIndex = 0; path = HazeAppUITests.xctest; sourceTree = BUILT_PRODUCTS_DIR; };
		02EAACB11D71D4B3007C90E8 /* HazeAppUITests.swift */ = {isa = PBXFileReference; lastKnownFileType = sourcecode.swift; path = HazeAppUITests.swift; sourceTree = "<group>"; };
		02EAACB31D71D4B3007C90E8 /* Info.plist */ = {isa = PBXFileReference; lastKnownFileType = text.plist.xml; path = Info.plist; sourceTree = "<group>"; };
		02EAACC51D71D4CF007C90E8 /* NotificationCenter.framework */ = {isa = PBXFileReference; lastKnownFileType = wrapper.framework; name = NotificationCenter.framework; path = System/Library/Frameworks/NotificationCenter.framework; sourceTree = SDKROOT; };
		02EAACC81D71D4CF007C90E8 /* TodayViewController.swift */ = {isa = PBXFileReference; lastKnownFileType = sourcecode.swift; path = TodayViewController.swift; sourceTree = "<group>"; };
		02EAACCB1D71D4CF007C90E8 /* Base */ = {isa = PBXFileReference; lastKnownFileType = file.storyboard; name = Base; path = Base.lproj/MainInterface.storyboard; sourceTree = "<group>"; };
		02EAACCD1D71D4CF007C90E8 /* Info.plist */ = {isa = PBXFileReference; lastKnownFileType = text.plist.xml; path = Info.plist; sourceTree = "<group>"; };
/* End PBXFileReference section */

/* Begin PBXFrameworksBuildPhase section */
		02C5687E1D728BDD002C9740 /* Frameworks */ = {
			isa = PBXFrameworksBuildPhase;
			buildActionMask = 2147483647;
			files = (
				02C568821D728BDD002C9740 /* NotificationCenter.framework in Frameworks */,
			);
			runOnlyForDeploymentPostprocessing = 0;
		};
		02EAAC881D71D4B3007C90E8 /* Frameworks */ = {
			isa = PBXFrameworksBuildPhase;
			buildActionMask = 2147483647;
			files = (
			);
			runOnlyForDeploymentPostprocessing = 0;
		};
		02EAAC9F1D71D4B3007C90E8 /* Frameworks */ = {
			isa = PBXFrameworksBuildPhase;
			buildActionMask = 2147483647;
			files = (
			);
			runOnlyForDeploymentPostprocessing = 0;
		};
		02EAACAA1D71D4B3007C90E8 /* Frameworks */ = {
			isa = PBXFrameworksBuildPhase;
			buildActionMask = 2147483647;
			files = (
			);
			runOnlyForDeploymentPostprocessing = 0;
		};
/* End PBXFrameworksBuildPhase section */

/* Begin PBXGroup section */
		0236C50D1D7284AE00B20140 /* extension */ = {
			isa = PBXGroup;
			children = (
				0236C50E1D7284AE00B20140 /* TodayViewController.swift */,
				0236C5101D7284AE00B20140 /* MainInterface.storyboard */,
				0236C5131D7284AE00B20140 /* Info.plist */,
			);
			path = extension;
			sourceTree = "<group>";
		};
		02C568831D728BDD002C9740 /* CurrentPSI */ = {
			isa = PBXGroup;
			children = (
				02C568841D728BDD002C9740 /* TodayViewController.swift */,
				02C568861D728BDD002C9740 /* MainInterface.storyboard */,
				02C568891D728BDD002C9740 /* Info.plist */,
			);
			path = CurrentPSI;
			sourceTree = "<group>";
		};
		02EAAC821D71D4B3007C90E8 = {
			isa = PBXGroup;
			children = (
				02EAAC8D1D71D4B3007C90E8 /* HazeApp */,
				02EAACA51D71D4B3007C90E8 /* HazeAppTests */,
				02EAACB01D71D4B3007C90E8 /* HazeAppUITests */,
				02EAACC71D71D4CF007C90E8 /* widget */,
				0236C50D1D7284AE00B20140 /* extension */,
				02C568831D728BDD002C9740 /* CurrentPSI */,
				02EAACC41D71D4CF007C90E8 /* Frameworks */,
				02EAAC8C1D71D4B3007C90E8 /* Products */,
			);
			sourceTree = "<group>";
		};
		02EAAC8C1D71D4B3007C90E8 /* Products */ = {
			isa = PBXGroup;
			children = (
				02EAAC8B1D71D4B3007C90E8 /* HazeApp.app */,
				02EAACA21D71D4B3007C90E8 /* HazeAppTests.xctest */,
				02EAACAD1D71D4B3007C90E8 /* HazeAppUITests.xctest */,
				02C568811D728BDD002C9740 /* CurrentPSI.appex */,
			);
			name = Products;
			sourceTree = "<group>";
		};
		02EAAC8D1D71D4B3007C90E8 /* HazeApp */ = {
			isa = PBXGroup;
			children = (
				02EAAC8E1D71D4B3007C90E8 /* AppDelegate.swift */,
				02EAAC901D71D4B3007C90E8 /* ViewController.swift */,
				02EAAC921D71D4B3007C90E8 /* Main.storyboard */,
				02EAAC981D71D4B3007C90E8 /* Assets.xcassets */,
				02EAAC9A1D71D4B3007C90E8 /* LaunchScreen.storyboard */,
				02EAAC9D1D71D4B3007C90E8 /* Info.plist */,
				02EAAC951D71D4B3007C90E8 /* HazeApp.xcdatamodeld */,
			);
			path = HazeApp;
			sourceTree = "<group>";
		};
		02EAACA51D71D4B3007C90E8 /* HazeAppTests */ = {
			isa = PBXGroup;
			children = (
				02EAACA61D71D4B3007C90E8 /* HazeAppTests.swift */,
				02EAACA81D71D4B3007C90E8 /* Info.plist */,
			);
			path = HazeAppTests;
			sourceTree = "<group>";
		};
		02EAACB01D71D4B3007C90E8 /* HazeAppUITests */ = {
			isa = PBXGroup;
			children = (
				02EAACB11D71D4B3007C90E8 /* HazeAppUITests.swift */,
				02EAACB31D71D4B3007C90E8 /* Info.plist */,
			);
			path = HazeAppUITests;
			sourceTree = "<group>";
		};
		02EAACC41D71D4CF007C90E8 /* Frameworks */ = {
			isa = PBXGroup;
			children = (
				02EAACC51D71D4CF007C90E8 /* NotificationCenter.framework */,
			);
			name = Frameworks;
			sourceTree = "<group>";
		};
		02EAACC71D71D4CF007C90E8 /* widget */ = {
			isa = PBXGroup;
			children = (
				02EAACC81D71D4CF007C90E8 /* TodayViewController.swift */,
				02EAACCA1D71D4CF007C90E8 /* MainInterface.storyboard */,
				02EAACCD1D71D4CF007C90E8 /* Info.plist */,
			);
			path = widget;
			sourceTree = "<group>";
		};
/* End PBXGroup section */

/* Begin PBXNativeTarget section */
		02C568801D728BDD002C9740 /* CurrentPSI */ = {
			isa = PBXNativeTarget;
			buildConfigurationList = 02C5688D1D728BDD002C9740 /* Build configuration list for PBXNativeTarget "CurrentPSI" */;
			buildPhases = (
				02C5687D1D728BDD002C9740 /* Sources */,
				02C5687E1D728BDD002C9740 /* Frameworks */,
				02C5687F1D728BDD002C9740 /* Resources */,
			);
			buildRules = (
			);
			dependencies = (
			);
			name = CurrentPSI;
			productName = CurrentPSI;
			productReference = 02C568811D728BDD002C9740 /* CurrentPSI.appex */;
			productType = "com.apple.product-type.app-extension";
		};
		02EAAC8A1D71D4B3007C90E8 /* HazeApp */ = {
			isa = PBXNativeTarget;
			buildConfigurationList = 02EAACB61D71D4B3007C90E8 /* Build configuration list for PBXNativeTarget "HazeApp" */;
			buildPhases = (
				02EAAC871D71D4B3007C90E8 /* Sources */,
				02EAAC881D71D4B3007C90E8 /* Frameworks */,
				02EAAC891D71D4B3007C90E8 /* Resources */,
				02EAACD41D71D4CF007C90E8 /* Embed App Extensions */,
			);
			buildRules = (
			);
			dependencies = (
				02C5688B1D728BDD002C9740 /* PBXTargetDependency */,
			);
			name = HazeApp;
			productName = HazeApp;
			productReference = 02EAAC8B1D71D4B3007C90E8 /* HazeApp.app */;
			productType = "com.apple.product-type.application";
		};
		02EAACA11D71D4B3007C90E8 /* HazeAppTests */ = {
			isa = PBXNativeTarget;
			buildConfigurationList = 02EAACB91D71D4B3007C90E8 /* Build configuration list for PBXNativeTarget "HazeAppTests" */;
			buildPhases = (
				02EAAC9E1D71D4B3007C90E8 /* Sources */,
				02EAAC9F1D71D4B3007C90E8 /* Frameworks */,
				02EAACA01D71D4B3007C90E8 /* Resources */,
			);
			buildRules = (
			);
			dependencies = (
				02EAACA41D71D4B3007C90E8 /* PBXTargetDependency */,
			);
			name = HazeAppTests;
			productName = HazeAppTests;
			productReference = 02EAACA21D71D4B3007C90E8 /* HazeAppTests.xctest */;
			productType = "com.apple.product-type.bundle.unit-test";
		};
		02EAACAC1D71D4B3007C90E8 /* HazeAppUITests */ = {
			isa = PBXNativeTarget;
			buildConfigurationList = 02EAACBC1D71D4B3007C90E8 /* Build configuration list for PBXNativeTarget "HazeAppUITests" */;
			buildPhases = (
				02EAACA91D71D4B3007C90E8 /* Sources */,
				02EAACAA1D71D4B3007C90E8 /* Frameworks */,
				02EAACAB1D71D4B3007C90E8 /* Resources */,
			);
			buildRules = (
			);
			dependencies = (
				02EAACAF1D71D4B3007C90E8 /* PBXTargetDependency */,
			);
			name = HazeAppUITests;
			productName = HazeAppUITests;
			productReference = 02EAACAD1D71D4B3007C90E8 /* HazeAppUITests.xctest */;
			productType = "com.apple.product-type.bundle.ui-testing";
		};
/* End PBXNativeTarget section */

/* Begin PBXProject section */
		02EAAC831D71D4B3007C90E8 /* Project object */ = {
			isa = PBXProject;
			attributes = {
				LastSwiftUpdateCheck = 0730;
				LastUpgradeCheck = 0730;
				ORGANIZATIONNAME = "Taichi Kato";
				TargetAttributes = {
					02C568801D728BDD002C9740 = {
						CreatedOnToolsVersion = 7.3.1;
						DevelopmentTeam = R4N2KPL6QV;
						LastSwiftMigration = 0820;
					};
					02EAAC8A1D71D4B3007C90E8 = {
						CreatedOnToolsVersion = 7.3.1;
						DevelopmentTeam = R4N2KPL6QV;
						LastSwiftMigration = 0820;
					};
					02EAACA11D71D4B3007C90E8 = {
						CreatedOnToolsVersion = 7.3.1;
						TestTargetID = 02EAAC8A1D71D4B3007C90E8;
					};
					02EAACAC1D71D4B3007C90E8 = {
						CreatedOnToolsVersion = 7.3.1;
						TestTargetID = 02EAAC8A1D71D4B3007C90E8;
					};
				};
			};
			buildConfigurationList = 02EAAC861D71D4B3007C90E8 /* Build configuration list for PBXProject "HazeApp" */;
			compatibilityVersion = "Xcode 3.2";
			developmentRegion = English;
			hasScannedForEncodings = 0;
			knownRegions = (
				en,
				Base,
			);
			mainGroup = 02EAAC821D71D4B3007C90E8;
			productRefGroup = 02EAAC8C1D71D4B3007C90E8 /* Products */;
			projectDirPath = "";
			projectRoot = "";
			targets = (
				02EAAC8A1D71D4B3007C90E8 /* HazeApp */,
				02EAACA11D71D4B3007C90E8 /* HazeAppTests */,
				02EAACAC1D71D4B3007C90E8 /* HazeAppUITests */,
				02C568801D728BDD002C9740 /* CurrentPSI */,
			);
		};
/* End PBXProject section */

/* Begin PBXResourcesBuildPhase section */
		02C5687F1D728BDD002C9740 /* Resources */ = {
			isa = PBXResourcesBuildPhase;
			buildActionMask = 2147483647;
			files = (
				02C568881D728BDD002C9740 /* MainInterface.storyboard in Resources */,
			);
			runOnlyForDeploymentPostprocessing = 0;
		};
		02EAAC891D71D4B3007C90E8 /* Resources */ = {
			isa = PBXResourcesBuildPhase;
			buildActionMask = 2147483647;
			files = (
				02EAAC9C1D71D4B3007C90E8 /* LaunchScreen.storyboard in Resources */,
				02EAAC991D71D4B3007C90E8 /* Assets.xcassets in Resources */,
				02EAAC941D71D4B3007C90E8 /* Main.storyboard in Resources */,
			);
			runOnlyForDeploymentPostprocessing = 0;
		};
		02EAACA01D71D4B3007C90E8 /* Resources */ = {
			isa = PBXResourcesBuildPhase;
			buildActionMask = 2147483647;
			files = (
			);
			runOnlyForDeploymentPostprocessing = 0;
		};
		02EAACAB1D71D4B3007C90E8 /* Resources */ = {
			isa = PBXResourcesBuildPhase;
			buildActionMask = 2147483647;
			files = (
			);
			runOnlyForDeploymentPostprocessing = 0;
		};
/* End PBXResourcesBuildPhase section */

/* Begin PBXSourcesBuildPhase section */
		02C5687D1D728BDD002C9740 /* Sources */ = {
			isa = PBXSourcesBuildPhase;
			buildActionMask = 2147483647;
			files = (
				02C568851D728BDD002C9740 /* TodayViewController.swift in Sources */,
			);
			runOnlyForDeploymentPostprocessing = 0;
		};
		02EAAC871D71D4B3007C90E8 /* Sources */ = {
			isa = PBXSourcesBuildPhase;
			buildActionMask = 2147483647;
			files = (
				02EAAC911D71D4B3007C90E8 /* ViewController.swift in Sources */,
				02EAAC8F1D71D4B3007C90E8 /* AppDelegate.swift in Sources */,
				02EAAC971D71D4B3007C90E8 /* HazeApp.xcdatamodeld in Sources */,
			);
			runOnlyForDeploymentPostprocessing = 0;
		};
		02EAAC9E1D71D4B3007C90E8 /* Sources */ = {
			isa = PBXSourcesBuildPhase;
			buildActionMask = 2147483647;
			files = (
				02EAACA71D71D4B3007C90E8 /* HazeAppTests.swift in Sources */,
			);
			runOnlyForDeploymentPostprocessing = 0;
		};
		02EAACA91D71D4B3007C90E8 /* Sources */ = {
			isa = PBXSourcesBuildPhase;
			buildActionMask = 2147483647;
			files = (
				02EAACB21D71D4B3007C90E8 /* HazeAppUITests.swift in Sources */,
			);
			runOnlyForDeploymentPostprocessing = 0;
		};
/* End PBXSourcesBuildPhase section */

/* Begin PBXTargetDependency section */
		02C5688B1D728BDD002C9740 /* PBXTargetDependency */ = {
			isa = PBXTargetDependency;
			target = 02C568801D728BDD002C9740 /* CurrentPSI */;
			targetProxy = 02C5688A1D728BDD002C9740 /* PBXContainerItemProxy */;
		};
		02EAACA41D71D4B3007C90E8 /* PBXTargetDependency */ = {
			isa = PBXTargetDependency;
			target = 02EAAC8A1D71D4B3007C90E8 /* HazeApp */;
			targetProxy = 02EAACA31D71D4B3007C90E8 /* PBXContainerItemProxy */;
		};
		02EAACAF1D71D4B3007C90E8 /* PBXTargetDependency */ = {
			isa = PBXTargetDependency;
			target = 02EAAC8A1D71D4B3007C90E8 /* HazeApp */;
			targetProxy = 02EAACAE1D71D4B3007C90E8 /* PBXContainerItemProxy */;
		};
/* End PBXTargetDependency section */

/* Begin PBXVariantGroup section */
		0236C5101D7284AE00B20140 /* MainInterface.storyboard */ = {
			isa = PBXVariantGroup;
			children = (
				0236C5111D7284AE00B20140 /* Base */,
			);
			name = MainInterface.storyboard;
			sourceTree = "<group>";
		};
		02C568861D728BDD002C9740 /* MainInterface.storyboard */ = {
			isa = PBXVariantGroup;
			children = (
				02C568871D728BDD002C9740 /* Base */,
			);
			name = MainInterface.storyboard;
			sourceTree = "<group>";
		};
		02EAAC921D71D4B3007C90E8 /* Main.storyboard */ = {
			isa = PBXVariantGroup;
			children = (
				02EAAC931D71D4B3007C90E8 /* Base */,
			);
			name = Main.storyboard;
			sourceTree = "<group>";
		};
		02EAAC9A1D71D4B3007C90E8 /* LaunchScreen.storyboard */ = {
			isa = PBXVariantGroup;
			children = (
				02EAAC9B1D71D4B3007C90E8 /* Base */,
			);
			name = LaunchScreen.storyboard;
			sourceTree = "<group>";
		};
		02EAACCA1D71D4CF007C90E8 /* MainInterface.storyboard */ = {
			isa = PBXVariantGroup;
			children = (
				02EAACCB1D71D4CF007C90E8 /* Base */,
			);
			name = MainInterface.storyboard;
			sourceTree = "<group>";
		};
/* End PBXVariantGroup section */

/* Begin XCBuildConfiguration section */
		02C5688E1D728BDD002C9740 /* Debug */ = {
			isa = XCBuildConfiguration;
			buildSettings = {
				CODE_SIGN_IDENTITY = "iPhone Developer";
				"CODE_SIGN_IDENTITY[sdk=iphoneos*]" = "iPhone Developer";
				INFOPLIST_FILE = CurrentPSI/Info.plist;
				LD_RUNPATH_SEARCH_PATHS = "$(inherited) @executable_path/Frameworks @executable_path/../../Frameworks";
				PRODUCT_BUNDLE_IDENTIFIER = com.taixhi.HazeApp.CurrentPSI;
				PRODUCT_NAME = "$(TARGET_NAME)";
				SKIP_INSTALL = YES;
				SWIFT_VERSION = 3.0;
			};
			name = Debug;
		};
		02C5688F1D728BDD002C9740 /* Release */ = {
			isa = XCBuildConfiguration;
			buildSettings = {
				CODE_SIGN_IDENTITY = "iPhone Developer";
				"CODE_SIGN_IDENTITY[sdk=iphoneos*]" = "iPhone Developer";
				INFOPLIST_FILE = CurrentPSI/Info.plist;
				LD_RUNPATH_SEARCH_PATHS = "$(inherited) @executable_path/Frameworks @executable_path/../../Frameworks";
				PRODUCT_BUNDLE_IDENTIFIER = com.taixhi.HazeApp.CurrentPSI;
				PRODUCT_NAME = "$(TARGET_NAME)";
				SKIP_INSTALL = YES;
				SWIFT_VERSION = 3.0;
			};
			name = Release;
		};
		02EAACB41D71D4B3007C90E8 /* Debug */ = {
			isa = XCBuildConfiguration;
			buildSettings = {
				ALWAYS_SEARCH_USER_PATHS = NO;
				CLANG_ANALYZER_NONNULL = YES;
				CLANG_CXX_LANGUAGE_STANDARD = "gnu++0x";
				CLANG_CXX_LIBRARY = "libc++";
				CLANG_ENABLE_MODULES = YES;
				CLANG_ENABLE_OBJC_ARC = YES;
				CLANG_WARN_BOOL_CONVERSION = YES;
				CLANG_WARN_CONSTANT_CONVERSION = YES;
				CLANG_WARN_DIRECT_OBJC_ISA_USAGE = YES_ERROR;
				CLANG_WARN_EMPTY_BODY = YES;
				CLANG_WARN_ENUM_CONVERSION = YES;
				CLANG_WARN_INT_CONVERSION = YES;
				CLANG_WARN_OBJC_ROOT_CLASS = YES_ERROR;
				CLANG_WARN_UNREACHABLE_CODE = YES;
				CLANG_WARN__DUPLICATE_METHOD_MATCH = YES;
				"CODE_SIGN_IDENTITY[sdk=iphoneos*]" = "iPhone Developer";
				COPY_PHASE_STRIP = NO;
				DEBUG_INFORMATION_FORMAT = dwarf;
				ENABLE_STRICT_OBJC_MSGSEND = YES;
				ENABLE_TESTABILITY = YES;
				GCC_C_LANGUAGE_STANDARD = gnu99;
				GCC_DYNAMIC_NO_PIC = NO;
				GCC_NO_COMMON_BLOCKS = YES;
				GCC_OPTIMIZATION_LEVEL = 0;
				GCC_PREPROCESSOR_DEFINITIONS = (
					"DEBUG=1",
					"$(inherited)",
				);
				GCC_WARN_64_TO_32_BIT_CONVERSION = YES;
				GCC_WARN_ABOUT_RETURN_TYPE = YES_ERROR;
				GCC_WARN_UNDECLARED_SELECTOR = YES;
				GCC_WARN_UNINITIALIZED_AUTOS = YES_AGGRESSIVE;
				GCC_WARN_UNUSED_FUNCTION = YES;
				GCC_WARN_UNUSED_VARIABLE = YES;
				IPHONEOS_DEPLOYMENT_TARGET = 9.3;
				MTL_ENABLE_DEBUG_INFO = YES;
				ONLY_ACTIVE_ARCH = YES;
				SDKROOT = iphoneos;
				SWIFT_OPTIMIZATION_LEVEL = "-Onone";
				TARGETED_DEVICE_FAMILY = "1,2";
			};
			name = Debug;
		};
		02EAACB51D71D4B3007C90E8 /* Release */ = {
			isa = XCBuildConfiguration;
			buildSettings = {
				ALWAYS_SEARCH_USER_PATHS = NO;
				CLANG_ANALYZER_NONNULL = YES;
				CLANG_CXX_LANGUAGE_STANDARD = "gnu++0x";
				CLANG_CXX_LIBRARY = "libc++";
				CLANG_ENABLE_MODULES = YES;
				CLANG_ENABLE_OBJC_ARC = YES;
				CLANG_WARN_BOOL_CONVERSION = YES;
				CLANG_WARN_CONSTANT_CONVERSION = YES;
				CLANG_WARN_DIRECT_OBJC_ISA_USAGE = YES_ERROR;
				CLANG_WARN_EMPTY_BODY = YES;
				CLANG_WARN_ENUM_CONVERSION = YES;
				CLANG_WARN_INT_CONVERSION = YES;
				CLANG_WARN_OBJC_ROOT_CLASS = YES_ERROR;
				CLANG_WARN_UNREACHABLE_CODE = YES;
				CLANG_WARN__DUPLICATE_METHOD_MATCH = YES;
				"CODE_SIGN_IDENTITY[sdk=iphoneos*]" = "iPhone Developer";
				COPY_PHASE_STRIP = NO;
				DEBUG_INFORMATION_FORMAT = "dwarf-with-dsym";
				ENABLE_NS_ASSERTIONS = NO;
				ENABLE_STRICT_OBJC_MSGSEND = YES;
				GCC_C_LANGUAGE_STANDARD = gnu99;
				GCC_NO_COMMON_BLOCKS = YES;
				GCC_WARN_64_TO_32_BIT_CONVERSION = YES;
				GCC_WARN_ABOUT_RETURN_TYPE = YES_ERROR;
				GCC_WARN_UNDECLARED_SELECTOR = YES;
				GCC_WARN_UNINITIALIZED_AUTOS = YES_AGGRESSIVE;
				GCC_WARN_UNUSED_FUNCTION = YES;
				GCC_WARN_UNUSED_VARIABLE = YES;
				IPHONEOS_DEPLOYMENT_TARGET = 9.3;
				MTL_ENABLE_DEBUG_INFO = NO;
				SDKROOT = iphoneos;
				TARGETED_DEVICE_FAMILY = "1,2";
				VALIDATE_PRODUCT = YES;
			};
			name = Release;
		};
		02EAACB71D71D4B3007C90E8 /* Debug */ = {
			isa = XCBuildConfiguration;
			buildSettings = {
				ASSETCATALOG_COMPILER_APPICON_NAME = AppIcon;
				CODE_SIGN_IDENTITY = "iPhone Developer";
				"CODE_SIGN_IDENTITY[sdk=iphoneos*]" = "iPhone Developer";
				EMBEDDED_CONTENT_CONTAINS_SWIFT = YES;
				INFOPLIST_FILE = HazeApp/Info.plist;
				LD_RUNPATH_SEARCH_PATHS = "$(inherited) @executable_path/Frameworks";
				PRODUCT_BUNDLE_IDENTIFIER = com.taixhi.HazeApp;
				PRODUCT_NAME = "$(TARGET_NAME)";
				PROVISIONING_PROFILE = "";
				SWIFT_VERSION = 3.0;
			};
			name = Debug;
		};
		02EAACB81D71D4B3007C90E8 /* Release */ = {
			isa = XCBuildConfiguration;
			buildSettings = {
				ASSETCATALOG_COMPILER_APPICON_NAME = AppIcon;
				CODE_SIGN_IDENTITY = "iPhone Developer";
				"CODE_SIGN_IDENTITY[sdk=iphoneos*]" = "iPhone Developer";
				EMBEDDED_CONTENT_CONTAINS_SWIFT = YES;
				INFOPLIST_FILE = HazeApp/Info.plist;
				LD_RUNPATH_SEARCH_PATHS = "$(inherited) @executable_path/Frameworks";
				PRODUCT_BUNDLE_IDENTIFIER = com.taixhi.HazeApp;
				PRODUCT_NAME = "$(TARGET_NAME)";
				PROVISIONING_PROFILE = "";
				SWIFT_VERSION = 3.0;
			};
			name = Release;
		};
		02EAACBA1D71D4B3007C90E8 /* Debug */ = {
			isa = XCBuildConfiguration;
			buildSettings = {
				BUNDLE_LOADER = "$(TEST_HOST)";
				INFOPLIST_FILE = HazeAppTests/Info.plist;
				LD_RUNPATH_SEARCH_PATHS = "$(inherited) @executable_path/Frameworks @loader_path/Frameworks";
				PRODUCT_BUNDLE_IDENTIFIER = com.taixhi.HazeAppTests;
				PRODUCT_NAME = "$(TARGET_NAME)";
				TEST_HOST = "$(BUILT_PRODUCTS_DIR)/HazeApp.app/HazeApp";
			};
			name = Debug;
		};
		02EAACBB1D71D4B3007C90E8 /* Release */ = {
			isa = XCBuildConfiguration;
			buildSettings = {
				BUNDLE_LOADER = "$(TEST_HOST)";
				INFOPLIST_FILE = HazeAppTests/Info.plist;
				LD_RUNPATH_SEARCH_PATHS = "$(inherited) @executable_path/Frameworks @loader_path/Frameworks";
				PRODUCT_BUNDLE_IDENTIFIER = com.taixhi.HazeAppTests;
				PRODUCT_NAME = "$(TARGET_NAME)";
				TEST_HOST = "$(BUILT_PRODUCTS_DIR)/HazeApp.app/HazeApp";
			};
			name = Release;
		};
		02EAACBD1D71D4B3007C90E8 /* Debug */ = {
			isa = XCBuildConfiguration;
			buildSettings = {
				INFOPLIST_FILE = HazeAppUITests/Info.plist;
				LD_RUNPATH_SEARCH_PATHS = "$(inherited) @executable_path/Frameworks @loader_path/Frameworks";
				PRODUCT_BUNDLE_IDENTIFIER = com.taixhi.HazeAppUITests;
				PRODUCT_NAME = "$(TARGET_NAME)";
				TEST_TARGET_NAME = HazeApp;
			};
			name = Debug;
		};
		02EAACBE1D71D4B3007C90E8 /* Release */ = {
			isa = XCBuildConfiguration;
			buildSettings = {
				INFOPLIST_FILE = HazeAppUITests/Info.plist;
				LD_RUNPATH_SEARCH_PATHS = "$(inherited) @executable_path/Frameworks @loader_path/Frameworks";
				PRODUCT_BUNDLE_IDENTIFIER = com.taixhi.HazeAppUITests;
				PRODUCT_NAME = "$(TARGET_NAME)";
				TEST_TARGET_NAME = HazeApp;
			};
			name = Release;
		};
/* End XCBuildConfiguration section */

/* Begin XCConfigurationList section */
		02C5688D1D728BDD002C9740 /* Build configuration list for PBXNativeTarget "CurrentPSI" */ = {
			isa = XCConfigurationList;
			buildConfigurations = (
				02C5688E1D728BDD002C9740 /* Debug */,
				02C5688F1D728BDD002C9740 /* Release */,
			);
			defaultConfigurationIsVisible = 0;
			defaultConfigurationName = Release;
		};
		02EAAC861D71D4B3007C90E8 /* Build configuration list for PBXProject "HazeApp" */ = {
			isa = XCConfigurationList;
			buildConfigurations = (
				02EAACB41D71D4B3007C90E8 /* Debug */,
				02EAACB51D71D4B3007C90E8 /* Release */,
			);
			defaultConfigurationIsVisible = 0;
			defaultConfigurationName = Release;
		};
		02EAACB61D71D4B3007C90E8 /* Build configuration list for PBXNativeTarget "HazeApp" */ = {
			isa = XCConfigurationList;
			buildConfigurations = (
				02EAACB71D71D4B3007C90E8 /* Debug */,
				02EAACB81D71D4B3007C90E8 /* Release */,
			);
			defaultConfigurationIsVisible = 0;
			defaultConfigurationName = Release;
		};
		02EAACB91D71D4B3007C90E8 /* Build configuration list for PBXNativeTarget "HazeAppTests" */ = {
			isa = XCConfigurationList;
			buildConfigurations = (
				02EAACBA1D71D4B3007C90E8 /* Debug */,
				02EAACBB1D71D4B3007C90E8 /* Release */,
			);
			defaultConfigurationIsVisible = 0;
			defaultConfigurationName = Release;
		};
		02EAACBC1D71D4B3007C90E8 /* Build configuration list for PBXNativeTarget "HazeAppUITests" */ = {
			isa = XCConfigurationList;
			buildConfigurations = (
				02EAACBD1D71D4B3007C90E8 /* Debug */,
				02EAACBE1D71D4B3007C90E8 /* Release */,
			);
			defaultConfigurationIsVisible = 0;
			defaultConfigurationName = Release;
		};
/* End XCConfigurationList section */

/* Begin XCVersionGroup section */
		02EAAC951D71D4B3007C90E8 /* HazeApp.xcdatamodeld */ = {
			isa = XCVersionGroup;
			children = (
				02EAAC961D71D4B3007C90E8 /* HazeApp.xcdatamodel */,
			);
			currentVersion = 02EAAC961D71D4B3007C90E8 /* HazeApp.xcdatamodel */;
			path = HazeApp.xcdatamodeld;
			sourceTree = "<group>";
			versionGroupType = wrapper.xcdatamodel;
		};
/* End XCVersionGroup section */
	};
	rootObject = 02EAAC831D71D4B3007C90E8 /* Project object */;
}
